
Microsoft Visual Studio Solution File, Format Version 12.00
# Visual Studio Version 17
VisualStudioVersion = 17.11.35222.181
MinimumVisualStudioVersion = 10.0.40219.1
Project("{FAE04EC0-301F-11D3-BF4B-00C04F79EFBC}") = "WebAPI", "WebAPI.csproj", "{B42C0CB0-B057-4B03-8FE3-9F9039CF4C50}"
EndProject
Global
	GlobalSection(SolutionConfigurationPlatforms) = preSolution
		Debug|Any CPU = Debug|Any CPU
		Release|Any CPU = Release|Any CPU
	EndGlobalSection
	GlobalSection(ProjectConfigurationPlatforms) = postSolution
		{B42C0CB0-B057-4B03-8FE3-9F9039CF4C50}.Debug|Any CPU.ActiveCfg = Debug|Any CPU
		{B42C0CB0-B057-4B03-8FE3-9F9039CF4C50}.Debug|Any CPU.Build.0 = Debug|Any CPU
		{B42C0CB0-B057-4B03-8FE3-9F9039CF4C50}.Release|Any CPU.ActiveCfg = Release|Any CPU
		{B42C0CB0-B057-4B03-8FE3-9F9039CF4C50}.Release|Any CPU.Build.0 = Release|Any CPU
	EndGlobalSection
	GlobalSection(SolutionProperties) = preSolution
		HideSolutionNode = FALSE
	EndGlobalSection
	GlobalSection(ExtensibilityGlobals) = postSolution
		SolutionGuid = {1DEBA610-5F63-4C06-98F7-2FAF0DC255EA}
	EndGlobalSection
EndGlobal
